
Microsoft Visual Studio Solution File, Format Version 12.00
# Visual Studio 15
VisualStudioVersion = 15.0.28010.2048
MinimumVisualStudioVersion = 10.0.40219.1
Project("{8BC9CEB8-8B4A-11D0-8D11-00A0C91BC942}") = "practice_01", "practice_01\practice_01.vcxproj", "{EA40FBBE-8BCD-4E18-9EFB-5C981C2D8BB7}"
EndProject
Global
	GlobalSection(SolutionConfigurationPlatforms) = preSolution
		Debug|x64 = Debug|x64
		Debug|x86 = Debug|x86
		Release|x64 = Release|x64
		Release|x86 = Release|x86
	EndGlobalSection
	GlobalSection(ProjectConfigurationPlatforms) = postSolution
		{EA40FBBE-8BCD-4E18-9EFB-5C981C2D8BB7}.Debug|x64.ActiveCfg = Debug|x64
		{EA40FBBE-8BCD-4E18-9EFB-5C981C2D8BB7}.Debug|x64.Build.0 = Debug|x64
		{EA40FBBE-8BCD-4E18-9EFB-5C981C2D8BB7}.Debug|x86.ActiveCfg = Debug|Win32
		{EA40FBBE-8BCD-4E18-9EFB-5C981C2D8BB7}.Debug|x86.Build.0 = Debug|Win32
		{EA40FBBE-8BCD-4E18-9EFB-5C981C2D8BB7}.Release|x64.ActiveCfg = Release|x64
		{EA40FBBE-8BCD-4E18-9EFB-5C981C2D8BB7}.Release|x64.Build.0 = Release|x64
		{EA40FBBE-8BCD-4E18-9EFB-5C981C2D8BB7}.Release|x86.ActiveCfg = Release|Win32
		{EA40FBBE-8BCD-4E18-9EFB-5C981C2D8BB7}.Release|x86.Build.0 = Release|Win32
	EndGlobalSection
	GlobalSection(SolutionProperties) = preSolution
		HideSolutionNode = FALSE
	EndGlobalSection
	GlobalSection(ExtensibilityGlobals) = postSolution
		SolutionGuid = {3D9B6B6C-0A26-4644-8047-A88EF1F49139}
	EndGlobalSection
EndGlobal
